// !$*UTF8*$!
{
	archiveVersion = 1;
	classes = {
	};
	objectVersion = 50;
	objects = {

/* Begin PBXBuildFile section */
		CCB2618E24DD64EC00D76B19 /* AppDelegate.swift in Sources */ = {isa = PBXBuildFile; fileRef = CCB2618D24DD64EC00D76B19 /* AppDelegate.swift */; };
		CCB2619024DD64EC00D76B19 /* SceneDelegate.swift in Sources */ = {isa = PBXBuildFile; fileRef = CCB2618F24DD64EC00D76B19 /* SceneDelegate.swift */; };
		CCB2619224DD64EC00D76B19 /* ViewController.swift in Sources */ = {isa = PBXBuildFile; fileRef = CCB2619124DD64EC00D76B19 /* ViewController.swift */; };
		CCB2619524DD64EC00D76B19 /* Main.storyboard in Resources */ = {isa = PBXBuildFile; fileRef = CCB2619324DD64EC00D76B19 /* Main.storyboard */; };
		CCB2619724DD64ED00D76B19 /* Assets.xcassets in Resources */ = {isa = PBXBuildFile; fileRef = CCB2619624DD64ED00D76B19 /* Assets.xcassets */; };
		CCB2619A24DD64ED00D76B19 /* LaunchScreen.storyboard in Resources */ = {isa = PBXBuildFile; fileRef = CCB2619824DD64ED00D76B19 /* LaunchScreen.storyboard */; };
		CCB261A524DD64EE00D76B19 /* HelloWorldSwiftTests.swift in Sources */ = {isa = PBXBuildFile; fileRef = CCB261A424DD64EE00D76B19 /* HelloWorldSwiftTests.swift */; };
		CCB261B024DD64EE00D76B19 /* HelloWorldSwiftUITests.swift in Sources */ = {isa = PBXBuildFile; fileRef = CCB261AF24DD64EE00D76B19 /* HelloWorldSwiftUITests.swift */; };
/* End PBXBuildFile section */

/* Begin PBXContainerItemProxy section */
		CCB261A124DD64EE00D76B19 /* PBXContainerItemProxy */ = {
			isa = PBXContainerItemProxy;
			containerPortal = CCB2618224DD64EC00D76B19 /* Project object */;
			proxyType = 1;
			remoteGlobalIDString = CCB2618924DD64EC00D76B19;
			remoteInfo = HelloWorldSwift;
		};
		CCB261AC24DD64EE00D76B19 /* PBXContainerItemProxy */ = {
			isa = PBXContainerItemProxy;
			containerPortal = CCB2618224DD64EC00D76B19 /* Project object */;
			proxyType = 1;
			remoteGlobalIDString = CCB2618924DD64EC00D76B19;
			remoteInfo = HelloWorldSwift;
		};
/* End PBXContainerItemProxy section */

/* Begin PBXFileReference section */
		CCB2618A24DD64EC00D76B19 /* HelloWorldSwift.app */ = {isa = PBXFileReference; explicitFileType = wrapper.application; includeInIndex = 0; path = HelloWorldSwift.app; sourceTree = BUILT_PRODUCTS_DIR; };
		CCB2618D24DD64EC00D76B19 /* AppDelegate.swift */ = {isa = PBXFileReference; lastKnownFileType = sourcecode.swift; path = AppDelegate.swift; sourceTree = "<group>"; };
		CCB2618F24DD64EC00D76B19 /* SceneDelegate.swift */ = {isa = PBXFileReference; lastKnownFileType = sourcecode.swift; path = SceneDelegate.swift; sourceTree = "<group>"; };
		CCB2619124DD64EC00D76B19 /* ViewController.swift */ = {isa = PBXFileReference; lastKnownFileType = sourcecode.swift; path = ViewController.swift; sourceTree = "<group>"; };
		CCB2619424DD64EC00D76B19 /* Base */ = {isa = PBXFileReference; lastKnownFileType = file.storyboard; name = Base; path = Base.lproj/Main.storyboard; sourceTree = "<group>"; };
		CCB2619624DD64ED00D76B19 /* Assets.xcassets */ = {isa = PBXFileReference; lastKnownFileType = folder.assetcatalog; path = Assets.xcassets; sourceTree = "<group>"; };
		CCB2619924DD64ED00D76B19 /* Base */ = {isa = PBXFileReference; lastKnownFileType = file.storyboard; name = Base; path = Base.lproj/LaunchScreen.storyboard; sourceTree = "<group>"; };
		CCB2619B24DD64ED00D76B19 /* Info.plist */ = {isa = PBXFileReference; lastKnownFileType = text.plist.xml; path = Info.plist; sourceTree = "<group>"; };
		CCB261A024DD64EE00D76B19 /* HelloWorldSwiftTests.xctest */ = {isa = PBXFileReference; explicitFileType = wrapper.cfbundle; includeInIndex = 0; path = HelloWorldSwiftTests.xctest; sourceTree = BUILT_PRODUCTS_DIR; };
		CCB261A424DD64EE00D76B19 /* HelloWorldSwiftTests.swift */ = {isa = PBXFileReference; lastKnownFileType = sourcecode.swift; path = HelloWorldSwiftTests.swift; sourceTree = "<group>"; };
		CCB261A624DD64EE00D76B19 /* Info.plist */ = {isa = PBXFileReference; lastKnownFileType = text.plist.xml; path = Info.plist; sourceTree = "<group>"; };
		CCB261AB24DD64EE00D76B19 /* HelloWorldSwiftUITests.xctest */ = {isa = PBXFileReference; explicitFileType = wrapper.cfbundle; includeInIndex = 0; path = HelloWorldSwiftUITests.xctest; sourceTree = BUILT_PRODUCTS_DIR; };
		CCB261AF24DD64EE00D76B19 /* HelloWorldSwiftUITests.swift */ = {isa = PBXFileReference; lastKnownFileType = sourcecode.swift; path = HelloWorldSwiftUITests.swift; sourceTree = "<group>"; };
		CCB261B124DD64EE00D76B19 /* Info.plist */ = {isa = PBXFileReference; lastKnownFileType = text.plist.xml; path = Info.plist; sourceTree = "<group>"; };
/* End PBXFileReference section */

/* Begin PBXFrameworksBuildPhase section */
		CCB2618724DD64EC00D76B19 /* Frameworks */ = {
			isa = PBXFrameworksBuildPhase;
			buildActionMask = 2147483647;
			files = (
			);
			runOnlyForDeploymentPostprocessing = 0;
		};
		CCB2619D24DD64EE00D76B19 /* Frameworks */ = {
			isa = PBXFrameworksBuildPhase;
			buildActionMask = 2147483647;
			files = (
			);
			runOnlyForDeploymentPostprocessing = 0;
		};
		CCB261A824DD64EE00D76B19 /* Frameworks */ = {
			isa = PBXFrameworksBuildPhase;
			buildActionMask = 2147483647;
			files = (
			);
			runOnlyForDeploymentPostprocessing = 0;
		};
/* End PBXFrameworksBuildPhase section */

/* Begin PBXGroup section */
		CCB2618124DD64EC00D76B19 = {
			isa = PBXGroup;
			children = (
				CCB2618C24DD64EC00D76B19 /* HelloWorldSwift */,
				CCB261A324DD64EE00D76B19 /* HelloWorldSwiftTests */,
				CCB261AE24DD64EE00D76B19 /* HelloWorldSwiftUITests */,
				CCB2618B24DD64EC00D76B19 /* Products */,
			);
			sourceTree = "<group>";
		};
		CCB2618B24DD64EC00D76B19 /* Products */ = {
			isa = PBXGroup;
			children = (
				CCB2618A24DD64EC00D76B19 /* HelloWorldSwift.app */,
				CCB261A024DD64EE00D76B19 /* HelloWorldSwiftTests.xctest */,
				CCB261AB24DD64EE00D76B19 /* HelloWorldSwiftUITests.xctest */,
			);
			name = Products;
			sourceTree = "<group>";
		};
		CCB2618C24DD64EC00D76B19 /* HelloWorldSwift */ = {
			isa = PBXGroup;
			children = (
				CCB2618D24DD64EC00D76B19 /* AppDelegate.swift */,
				CCB2618F24DD64EC00D76B19 /* SceneDelegate.swift */,
				CCB2619124DD64EC00D76B19 /* ViewController.swift */,
				CCB2619324DD64EC00D76B19 /* Main.storyboard */,
				CCB2619624DD64ED00D76B19 /* Assets.xcassets */,
				CCB2619824DD64ED00D76B19 /* LaunchScreen.storyboard */,
				CCB2619B24DD64ED00D76B19 /* Info.plist */,
			);
			path = HelloWorldSwift;
			sourceTree = "<group>";
		};
		CCB261A324DD64EE00D76B19 /* HelloWorldSwiftTests */ = {
			isa = PBXGroup;
			children = (
				CCB261A424DD64EE00D76B19 /* HelloWorldSwiftTests.swift */,
				CCB261A624DD64EE00D76B19 /* Info.plist */,
			);
			path = HelloWorldSwiftTests;
			sourceTree = "<group>";
		};
		CCB261AE24DD64EE00D76B19 /* HelloWorldSwiftUITests */ = {
			isa = PBXGroup;
			children = (
				CCB261AF24DD64EE00D76B19 /* HelloWorldSwiftUITests.swift */,
				CCB261B124DD64EE00D76B19 /* Info.plist */,
			);
			path = HelloWorldSwiftUITests;
			sourceTree = "<group>";
		};
/* End PBXGroup section */

/* Begin PBXNativeTarget section */
		CCB2618924DD64EC00D76B19 /* HelloWorldSwift */ = {
			isa = PBXNativeTarget;
			buildConfigurationList = CCB261B424DD64EE00D76B19 /* Build configuration list for PBXNativeTarget "HelloWorldSwift" */;
			buildPhases = (
				CCB2618624DD64EC00D76B19 /* Sources */,
				CCB2618724DD64EC00D76B19 /* Frameworks */,
				CCB2618824DD64EC00D76B19 /* Resources */,
			);
			buildRules = (
			);
			dependencies = (
			);
			name = HelloWorldSwift;
			productName = HelloWorldSwift;
			productReference = CCB2618A24DD64EC00D76B19 /* HelloWorldSwift.app */;
			productType = "com.apple.product-type.application";
		};
		CCB2619F24DD64EE00D76B19 /* HelloWorldSwiftTests */ = {
			isa = PBXNativeTarget;
			buildConfigurationList = CCB261B724DD64EE00D76B19 /* Build configuration list for PBXNativeTarget "HelloWorldSwiftTests" */;
			buildPhases = (
				CCB2619C24DD64EE00D76B19 /* Sources */,
				CCB2619D24DD64EE00D76B19 /* Frameworks */,
				CCB2619E24DD64EE00D76B19 /* Resources */,
			);
			buildRules = (
			);
			dependencies = (
				CCB261A224DD64EE00D76B19 /* PBXTargetDependency */,
			);
			name = HelloWorldSwiftTests;
			productName = HelloWorldSwiftTests;
			productReference = CCB261A024DD64EE00D76B19 /* HelloWorldSwiftTests.xctest */;
			productType = "com.apple.product-type.bundle.unit-test";
		};
		CCB261AA24DD64EE00D76B19 /* HelloWorldSwiftUITests */ = {
			isa = PBXNativeTarget;
			buildConfigurationList = CCB261BA24DD64EE00D76B19 /* Build configuration list for PBXNativeTarget "HelloWorldSwiftUITests" */;
			buildPhases = (
				CCB261A724DD64EE00D76B19 /* Sources */,
				CCB261A824DD64EE00D76B19 /* Frameworks */,
				CCB261A924DD64EE00D76B19 /* Resources */,
			);
			buildRules = (
			);
			dependencies = (
				CCB261AD24DD64EE00D76B19 /* PBXTargetDependency */,
			);
			name = HelloWorldSwiftUITests;
			productName = HelloWorldSwiftUITests;
			productReference = CCB261AB24DD64EE00D76B19 /* HelloWorldSwiftUITests.xctest */;
			productType = "com.apple.product-type.bundle.ui-testing";
		};
/* End PBXNativeTarget section */

/* Begin PBXProject section */
		CCB2618224DD64EC00D76B19 /* Project object */ = {
			isa = PBXProject;
			attributes = {
				LastSwiftUpdateCheck = 1140;
				LastUpgradeCheck = 1140;
				ORGANIZATIONNAME = Zensar;
				TargetAttributes = {
					CCB2618924DD64EC00D76B19 = {
						CreatedOnToolsVersion = 11.4.1;
					};
					CCB2619F24DD64EE00D76B19 = {
						CreatedOnToolsVersion = 11.4.1;
						TestTargetID = CCB2618924DD64EC00D76B19;
					};
					CCB261AA24DD64EE00D76B19 = {
						CreatedOnToolsVersion = 11.4.1;
						TestTargetID = CCB2618924DD64EC00D76B19;
					};
				};
			};
			buildConfigurationList = CCB2618524DD64EC00D76B19 /* Build configuration list for PBXProject "HelloWorldSwift" */;
			compatibilityVersion = "Xcode 9.3";
			developmentRegion = en;
			hasScannedForEncodings = 0;
			knownRegions = (
				en,
				Base,
			);
			mainGroup = CCB2618124DD64EC00D76B19;
			productRefGroup = CCB2618B24DD64EC00D76B19 /* Products */;
			projectDirPath = "";
			projectRoot = "";
			targets = (
				CCB2618924DD64EC00D76B19 /* HelloWorldSwift */,
				CCB2619F24DD64EE00D76B19 /* HelloWorldSwiftTests */,
				CCB261AA24DD64EE00D76B19 /* HelloWorldSwiftUITests */,
			);
		};
/* End PBXProject section */

/* Begin PBXResourcesBuildPhase section */
		CCB2618824DD64EC00D76B19 /* Resources */ = {
			isa = PBXResourcesBuildPhase;
			buildActionMask = 2147483647;
			files = (
				CCB2619A24DD64ED00D76B19 /* LaunchScreen.storyboard in Resources */,
				CCB2619724DD64ED00D76B19 /* Assets.xcassets in Resources */,
				CCB2619524DD64EC00D76B19 /* Main.storyboard in Resources */,
			);
			runOnlyForDeploymentPostprocessing = 0;
		};
		CCB2619E24DD64EE00D76B19 /* Resources */ = {
			isa = PBXResourcesBuildPhase;
			buildActionMask = 2147483647;
			files = (
			);
			runOnlyForDeploymentPostprocessing = 0;
		};
		CCB261A924DD64EE00D76B19 /* Resources */ = {
			isa = PBXResourcesBuildPhase;
			buildActionMask = 2147483647;
			files = (
			);
			runOnlyForDeploymentPostprocessing = 0;
		};
/* End PBXResourcesBuildPhase section */

/* Begin PBXSourcesBuildPhase section */
		CCB2618624DD64EC00D76B19 /* Sources */ = {
			isa = PBXSourcesBuildPhase;
			buildActionMask = 2147483647;
			files = (
				CCB2619224DD64EC00D76B19 /* ViewController.swift in Sources */,
				CCB2618E24DD64EC00D76B19 /* AppDelegate.swift in Sources */,
				CCB2619024DD64EC00D76B19 /* SceneDelegate.swift in Sources */,
			);
			runOnlyForDeploymentPostprocessing = 0;
		};
		CCB2619C24DD64EE00D76B19 /* Sources */ = {
			isa = PBXSourcesBuildPhase;
			buildActionMask = 2147483647;
			files = (
				CCB261A524DD64EE00D76B19 /* HelloWorldSwiftTests.swift in Sources */,
			);
			runOnlyForDeploymentPostprocessing = 0;
		};
		CCB261A724DD64EE00D76B19 /* Sources */ = {
			isa = PBXSourcesBuildPhase;
			buildActionMask = 2147483647;
			files = (
				CCB261B024DD64EE00D76B19 /* HelloWorldSwiftUITests.swift in Sources */,
			);
			runOnlyForDeploymentPostprocessing = 0;
		};
/* End PBXSourcesBuildPhase section */

/* Begin PBXTargetDependency section */
		CCB261A224DD64EE00D76B19 /* PBXTargetDependency */ = {
			isa = PBXTargetDependency;
			target = CCB2618924DD64EC00D76B19 /* HelloWorldSwift */;
			targetProxy = CCB261A124DD64EE00D76B19 /* PBXContainerItemProxy */;
		};
		CCB261AD24DD64EE00D76B19 /* PBXTargetDependency */ = {
			isa = PBXTargetDependency;
			target = CCB2618924DD64EC00D76B19 /* HelloWorldSwift */;
			targetProxy = CCB261AC24DD64EE00D76B19 /* PBXContainerItemProxy */;
		};
/* End PBXTargetDependency section */

/* Begin PBXVariantGroup section */
		CCB2619324DD64EC00D76B19 /* Main.storyboard */ = {
			isa = PBXVariantGroup;
			children = (
				CCB2619424DD64EC00D76B19 /* Base */,
			);
			name = Main.storyboard;
			sourceTree = "<group>";
		};
		CCB2619824DD64ED00D76B19 /* LaunchScreen.storyboard */ = {
			isa = PBXVariantGroup;
			children = (
				CCB2619924DD64ED00D76B19 /* Base */,
			);
			name = LaunchScreen.storyboard;
			sourceTree = "<group>";
		};
/* End PBXVariantGroup section */

/* Begin XCBuildConfiguration section */
		CCB261B224DD64EE00D76B19 /* Debug */ = {
			isa = XCBuildConfiguration;
			buildSettings = {
				ALWAYS_SEARCH_USER_PATHS = NO;
				CLANG_ANALYZER_NONNULL = YES;
				CLANG_ANALYZER_NUMBER_OBJECT_CONVERSION = YES_AGGRESSIVE;
				CLANG_CXX_LANGUAGE_STANDARD = "gnu++14";
				CLANG_CXX_LIBRARY = "libc++";
				CLANG_ENABLE_MODULES = YES;
				CLANG_ENABLE_OBJC_ARC = YES;
				CLANG_ENABLE_OBJC_WEAK = YES;
				CLANG_WARN_BLOCK_CAPTURE_AUTORELEASING = YES;
				CLANG_WARN_BOOL_CONVERSION = YES;
				CLANG_WARN_COMMA = YES;
				CLANG_WARN_CONSTANT_CONVERSION = YES;
				CLANG_WARN_DEPRECATED_OBJC_IMPLEMENTATIONS = YES;
				CLANG_WARN_DIRECT_OBJC_ISA_USAGE = YES_ERROR;
				CLANG_WARN_DOCUMENTATION_COMMENTS = YES;
				CLANG_WARN_EMPTY_BODY = YES;
				CLANG_WARN_ENUM_CONVERSION = YES;
				CLANG_WARN_INFINITE_RECURSION = YES;
				CLANG_WARN_INT_CONVERSION = YES;
				CLANG_WARN_NON_LITERAL_NULL_CONVERSION = YES;
				CLANG_WARN_OBJC_IMPLICIT_RETAIN_SELF = YES;
				CLANG_WARN_OBJC_LITERAL_CONVERSION = YES;
				CLANG_WARN_OBJC_ROOT_CLASS = YES_ERROR;
				CLANG_WARN_RANGE_LOOP_ANALYSIS = YES;
				CLANG_WARN_STRICT_PROTOTYPES = YES;
				CLANG_WARN_SUSPICIOUS_MOVE = YES;
				CLANG_WARN_UNGUARDED_AVAILABILITY = YES_AGGRESSIVE;
				CLANG_WARN_UNREACHABLE_CODE = YES;
				CLANG_WARN__DUPLICATE_METHOD_MATCH = YES;
				COPY_PHASE_STRIP = NO;
				DEBUG_INFORMATION_FORMAT = dwarf;
				ENABLE_STRICT_OBJC_MSGSEND = YES;
				ENABLE_TESTABILITY = YES;
				GCC_C_LANGUAGE_STANDARD = gnu11;
				GCC_DYNAMIC_NO_PIC = NO;
				GCC_NO_COMMON_BLOCKS = YES;
				GCC_OPTIMIZATION_LEVEL = 0;
				GCC_PREPROCESSOR_DEFINITIONS = (
					"DEBUG=1",
					"$(inherited)",
				);
				GCC_WARN_64_TO_32_BIT_CONVERSION = YES;
				GCC_WARN_ABOUT_RETURN_TYPE = YES_ERROR;
				GCC_WARN_UNDECLARED_SELECTOR = YES;
				GCC_WARN_UNINITIALIZED_AUTOS = YES_AGGRESSIVE;
				GCC_WARN_UNUSED_FUNCTION = YES;
				GCC_WARN_UNUSED_VARIABLE = YES;
				IPHONEOS_DEPLOYMENT_TARGET = 13.4;
				MTL_ENABLE_DEBUG_INFO = INCLUDE_SOURCE;
				MTL_FAST_MATH = YES;
				ONLY_ACTIVE_ARCH = YES;
				SDKROOT = iphoneos;
				SWIFT_ACTIVE_COMPILATION_CONDITIONS = DEBUG;
				SWIFT_OPTIMIZATION_LEVEL = "-Onone";
			};
			name = Debug;
		};
		CCB261B324DD64EE00D76B19 /* Release */ = {
			isa = XCBuildConfiguration;
			buildSettings = {
				ALWAYS_SEARCH_USER_PATHS = NO;
				CLANG_ANALYZER_NONNULL = YES;
				CLANG_ANALYZER_NUMBER_OBJECT_CONVERSION = YES_AGGRESSIVE;
				CLANG_CXX_LANGUAGE_STANDARD = "gnu++14";
				CLANG_CXX_LIBRARY = "libc++";
				CLANG_ENABLE_MODULES = YES;
				CLANG_ENABLE_OBJC_ARC = YES;
				CLANG_ENABLE_OBJC_WEAK = YES;
				CLANG_WARN_BLOCK_CAPTURE_AUTORELEASING = YES;
				CLANG_WARN_BOOL_CONVERSION = YES;
				CLANG_WARN_COMMA = YES;
				CLANG_WARN_CONSTANT_CONVERSION = YES;
				CLANG_WARN_DEPRECATED_OBJC_IMPLEMENTATIONS = YES;
				CLANG_WARN_DIRECT_OBJC_ISA_USAGE = YES_ERROR;
				CLANG_WARN_DOCUMENTATION_COMMENTS = YES;
				CLANG_WARN_EMPTY_BODY = YES;
				CLANG_WARN_ENUM_CONVERSION = YES;
				CLANG_WARN_INFINITE_RECURSION = YES;
				CLANG_WARN_INT_CONVERSION = YES;
				CLANG_WARN_NON_LITERAL_NULL_CONVERSION = YES;
				CLANG_WARN_OBJC_IMPLICIT_RETAIN_SELF = YES;
				CLANG_WARN_OBJC_LITERAL_CONVERSION = YES;
				CLANG_WARN_OBJC_ROOT_CLASS = YES_ERROR;
				CLANG_WARN_RANGE_LOOP_ANALYSIS = YES;
				CLANG_WARN_STRICT_PROTOTYPES = YES;
				CLANG_WARN_SUSPICIOUS_MOVE = YES;
				CLANG_WARN_UNGUARDED_AVAILABILITY = YES_AGGRESSIVE;
				CLANG_WARN_UNREACHABLE_CODE = YES;
				CLANG_WARN__DUPLICATE_METHOD_MATCH = YES;
				COPY_PHASE_STRIP = NO;
				DEBUG_INFORMATION_FORMAT = "dwarf-with-dsym";
				ENABLE_NS_ASSERTIONS = NO;
				ENABLE_STRICT_OBJC_MSGSEND = YES;
				GCC_C_LANGUAGE_STANDARD = gnu11;
				GCC_NO_COMMON_BLOCKS = YES;
				GCC_WARN_64_TO_32_BIT_CONVERSION = YES;
				GCC_WARN_ABOUT_RETURN_TYPE = YES_ERROR;
				GCC_WARN_UNDECLARED_SELECTOR = YES;
				GCC_WARN_UNINITIALIZED_AUTOS = YES_AGGRESSIVE;
				GCC_WARN_UNUSED_FUNCTION = YES;
				GCC_WARN_UNUSED_VARIABLE = YES;
				IPHONEOS_DEPLOYMENT_TARGET = 13.4;
				MTL_ENABLE_DEBUG_INFO = NO;
				MTL_FAST_MATH = YES;
				SDKROOT = iphoneos;
				SWIFT_COMPILATION_MODE = wholemodule;
				SWIFT_OPTIMIZATION_LEVEL = "-O";
				VALIDATE_PRODUCT = YES;
			};
			name = Release;
		};
		CCB261B524DD64EE00D76B19 /* Debug */ = {
			isa = XCBuildConfiguration;
			buildSettings = {
				ASSETCATALOG_COMPILER_APPICON_NAME = AppIcon;
				CODE_SIGN_STYLE = Automatic;
				DEVELOPMENT_TEAM = UDJY448QN8;
				INFOPLIST_FILE = HelloWorldSwift/Info.plist;
				LD_RUNPATH_SEARCH_PATHS = (
					"$(inherited)",
					"@executable_path/Frameworks",
				);
				PRODUCT_BUNDLE_IDENTIFIER = com.zensarpoc.HelloWorldSwift;
				PRODUCT_NAME = "$(TARGET_NAME)";
				SWIFT_VERSION = 5.0;
				TARGETED_DEVICE_FAMILY = "1,2";
			};
			name = Debug;
		};
		CCB261B624DD64EE00D76B19 /* Release */ = {
			isa = XCBuildConfiguration;
			buildSettings = {
				ASSETCATALOG_COMPILER_APPICON_NAME = AppIcon;
				CODE_SIGN_STYLE = Automatic;
				DEVELOPMENT_TEAM = UDJY448QN8;
				INFOPLIST_FILE = HelloWorldSwift/Info.plist;
				LD_RUNPATH_SEARCH_PATHS = (
					"$(inherited)",
					"@executable_path/Frameworks",
				);
				PRODUCT_BUNDLE_IDENTIFIER = com.zensarpoc.HelloWorldSwift;
				PRODUCT_NAME = "$(TARGET_NAME)";
				SWIFT_VERSION = 5.0;
				TARGETED_DEVICE_FAMILY = "1,2";
			};
			name = Release;
		};
		CCB261B824DD64EE00D76B19 /* Debug */ = {
			isa = XCBuildConfiguration;
			buildSettings = {
				ALWAYS_EMBED_SWIFT_STANDARD_LIBRARIES = YES;
				BUNDLE_LOADER = "$(TEST_HOST)";
				CODE_SIGN_STYLE = Automatic;
				DEVELOPMENT_TEAM = UDJY448QN8;
				INFOPLIST_FILE = HelloWorldSwiftTests/Info.plist;
				IPHONEOS_DEPLOYMENT_TARGET = 13.4;
				LD_RUNPATH_SEARCH_PATHS = (
					"$(inherited)",
					"@executable_path/Frameworks",
					"@loader_path/Frameworks",
				);
				PRODUCT_BUNDLE_IDENTIFIER = com.zensarpoc.HelloWorldSwiftTests;
				PRODUCT_NAME = "$(TARGET_NAME)";
				SWIFT_VERSION = 5.0;
				TARGETED_DEVICE_FAMILY = "1,2";
				TEST_HOST = "$(BUILT_PRODUCTS_DIR)/HelloWorldSwift.app/HelloWorldSwift";
			};
			name = Debug;
		};
		CCB261B924DD64EE00D76B19 /* Release */ = {
			isa = XCBuildConfiguration;
			buildSettings = {
				ALWAYS_EMBED_SWIFT_STANDARD_LIBRARIES = YES;
				BUNDLE_LOADER = "$(TEST_HOST)";
				CODE_SIGN_STYLE = Automatic;
				DEVELOPMENT_TEAM = UDJY448QN8;
				INFOPLIST_FILE = HelloWorldSwiftTests/Info.plist;
				IPHONEOS_DEPLOYMENT_TARGET = 13.4;
				LD_RUNPATH_SEARCH_PATHS = (
					"$(inherited)",
					"@executable_path/Frameworks",
					"@loader_path/Frameworks",
				);
				PRODUCT_BUNDLE_IDENTIFIER = com.zensarpoc.HelloWorldSwiftTests;
				PRODUCT_NAME = "$(TARGET_NAME)";
				SWIFT_VERSION = 5.0;
				TARGETED_DEVICE_FAMILY = "1,2";
				TEST_HOST = "$(BUILT_PRODUCTS_DIR)/HelloWorldSwift.app/HelloWorldSwift";
			};
			name = Release;
		};
		CCB261BB24DD64EE00D76B19 /* Debug */ = {
			isa = XCBuildConfiguration;
			buildSettings = {
				ALWAYS_EMBED_SWIFT_STANDARD_LIBRARIES = YES;
				CODE_SIGN_STYLE = Automatic;
				DEVELOPMENT_TEAM = UDJY448QN8;
				INFOPLIST_FILE = HelloWorldSwiftUITests/Info.plist;
				LD_RUNPATH_SEARCH_PATHS = (
					"$(inherited)",
					"@executable_path/Frameworks",
					"@loader_path/Frameworks",
				);
				PRODUCT_BUNDLE_IDENTIFIER = com.zensarpoc.HelloWorldSwiftUITests;
				PRODUCT_NAME = "$(TARGET_NAME)";
				SWIFT_VERSION = 5.0;
				TARGETED_DEVICE_FAMILY = "1,2";
				TEST_TARGET_NAME = HelloWorldSwift;
			};
			name = Debug;
		};
		CCB261BC24DD64EE00D76B19 /* Release */ = {
			isa = XCBuildConfiguration;
			buildSettings = {
				ALWAYS_EMBED_SWIFT_STANDARD_LIBRARIES = YES;
				CODE_SIGN_STYLE = Automatic;
				DEVELOPMENT_TEAM = UDJY448QN8;
				INFOPLIST_FILE = HelloWorldSwiftUITests/Info.plist;
				LD_RUNPATH_SEARCH_PATHS = (
					"$(inherited)",
					"@executable_path/Frameworks",
					"@loader_path/Frameworks",
				);
				PRODUCT_BUNDLE_IDENTIFIER = com.zensarpoc.HelloWorldSwiftUITests;
				PRODUCT_NAME = "$(TARGET_NAME)";
				SWIFT_VERSION = 5.0;
				TARGETED_DEVICE_FAMILY = "1,2";
				TEST_TARGET_NAME = HelloWorldSwift;
			};
			name = Release;
		};
/* End XCBuildConfiguration section */

/* Begin XCConfigurationList section */
		CCB2618524DD64EC00D76B19 /* Build configuration list for PBXProject "HelloWorldSwift" */ = {
			isa = XCConfigurationList;
			buildConfigurations = (
				CCB261B224DD64EE00D76B19 /* Debug */,
				CCB261B324DD64EE00D76B19 /* Release */,
			);
			defaultConfigurationIsVisible = 0;
			defaultConfigurationName = Release;
		};
		CCB261B424DD64EE00D76B19 /* Build configuration list for PBXNativeTarget "HelloWorldSwift" */ = {
			isa = XCConfigurationList;
			buildConfigurations = (
				CCB261B524DD64EE00D76B19 /* Debug */,
				CCB261B624DD64EE00D76B19 /* Release */,
			);
			defaultConfigurationIsVisible = 0;
			defaultConfigurationName = Release;
		};
		CCB261B724DD64EE00D76B19 /* Build configuration list for PBXNativeTarget "HelloWorldSwiftTests" */ = {
			isa = XCConfigurationList;
			buildConfigurations = (
				CCB261B824DD64EE00D76B19 /* Debug */,
				CCB261B924DD64EE00D76B19 /* Release */,
			);
			defaultConfigurationIsVisible = 0;
			defaultConfigurationName = Release;
		};
		CCB261BA24DD64EE00D76B19 /* Build configuration list for PBXNativeTarget "HelloWorldSwiftUITests" */ = {
			isa = XCConfigurationList;
			buildConfigurations = (
				CCB261BB24DD64EE00D76B19 /* Debug */,
				CCB261BC24DD64EE00D76B19 /* Release */,
			);
			defaultConfigurationIsVisible = 0;
			defaultConfigurationName = Release;
		};
/* End XCConfigurationList section */
	};
	rootObject = CCB2618224DD64EC00D76B19 /* Project object */;
}
